
Microsoft Visual Studio Solution File, Format Version 11.00
# Visual Studio 2010
Project("{8BC9CEB8-8B4A-11D0-8D11-00A0C91BC942}") = "PhasingThroughPerception", "PhasingThroughPerception\PhasingThroughPerception.vcxproj", "{1C779071-C5D2-480B-A9FE-C098DC3F4505}"
EndProject
Global
	GlobalSection(SolutionConfigurationPlatforms) = preSolution
		Debug|Win32 = Debug|Win32
		Release|Win32 = Release|Win32
	EndGlobalSection
	GlobalSection(ProjectConfigurationPlatforms) = postSolution
		{1C779071-C5D2-480B-A9FE-C098DC3F4505}.Debug|Win32.ActiveCfg = Debug|Win32
		{1C779071-C5D2-480B-A9FE-C098DC3F4505}.Debug|Win32.Build.0 = Debug|Win32
		{1C779071-C5D2-480B-A9FE-C098DC3F4505}.Release|Win32.ActiveCfg = Release|Win32
		{1C779071-C5D2-480B-A9FE-C098DC3F4505}.Release|Win32.Build.0 = Release|Win32
	EndGlobalSection
	GlobalSection(SolutionProperties) = preSolution
		HideSolutionNode = FALSE
	EndGlobalSection
EndGlobal
